
Microsoft Visual Studio Solution File, Format Version 12.00
# Visual Studio Version 16
VisualStudioVersion = 16.0.29806.167
MinimumVisualStudioVersion = 10.0.40219.1
Project("{FAE04EC0-301F-11D3-BF4B-00C04F79EFBC}") = "programozasiTetelek", "programozasiTetelek\programozasiTetelek.csproj", "{2D67D30A-8B92-4229-A065-975F9E320909}"
EndProject
Global
	GlobalSection(SolutionConfigurationPlatforms) = preSolution
		Debug|Any CPU = Debug|Any CPU
		Release|Any CPU = Release|Any CPU
	EndGlobalSection
	GlobalSection(ProjectConfigurationPlatforms) = postSolution
		{2D67D30A-8B92-4229-A065-975F9E320909}.Debug|Any CPU.ActiveCfg = Debug|Any CPU
		{2D67D30A-8B92-4229-A065-975F9E320909}.Debug|Any CPU.Build.0 = Debug|Any CPU
		{2D67D30A-8B92-4229-A065-975F9E320909}.Release|Any CPU.ActiveCfg = Release|Any CPU
		{2D67D30A-8B92-4229-A065-975F9E320909}.Release|Any CPU.Build.0 = Release|Any CPU
	EndGlobalSection
	GlobalSection(SolutionProperties) = preSolution
		HideSolutionNode = FALSE
	EndGlobalSection
	GlobalSection(ExtensibilityGlobals) = postSolution
		SolutionGuid = {DCD74AE8-FCD6-48A2-A593-0B1A35B5346E}
	EndGlobalSection
EndGlobal
